
Microsoft Visual Studio Solution File, Format Version 11.00
# Visual Studio 2010
Project("{FAE04EC0-301F-11D3-BF4B-00C04F79EFBC}") = "FuelDataSysClient", "FuelDataSysClient\FuelDataSysClient.csproj", "{B14A51BA-6011-42D4-96F4-6E0EA35F717A}"
EndProject
Project("{FAE04EC0-301F-11D3-BF4B-00C04F79EFBC}") = "dog", "DogDemo\dog.csproj", "{982E39FC-A05C-4B01-A0AB-27C9B96E23F2}"
EndProject
Project("{FAE04EC0-301F-11D3-BF4B-00C04F79EFBC}") = "DogAction", "DogAction\DogAction.csproj", "{FB32167E-65D2-4CBA-A3D5-8E607DF004E7}"
EndProject
Project("{FAE04EC0-301F-11D3-BF4B-00C04F79EFBC}") = "Common", "Common\Common.csproj", "{4FF0B4D7-2CF5-48D2-83C8-5D7B0055A638}"
EndProject
Project("{FAE04EC0-301F-11D3-BF4B-00C04F79EFBC}") = "FuelDataSysServer", "FuelDataSysServer\FuelDataSysServer.csproj", "{3FBCB2A6-A9AA-4A84-962F-966227CCD096}"
EndProject
Global
	GlobalSection(SourceCodeControl) = preSolution
		SccNumberOfProjects = 6
		SccLocalPath0 = .
		SccProjectUniqueName1 = Common\\Common.csproj
		SccLocalPath1 = .
		SccProjectFilePathRelativizedFromConnection1 = Common\\
		SccProjectUniqueName2 = DogAction\\DogAction.csproj
		SccLocalPath2 = .
		SccProjectFilePathRelativizedFromConnection2 = DogAction\\
		SccProjectUniqueName3 = DogDemo\\dog.csproj
		SccLocalPath3 = .
		SccProjectFilePathRelativizedFromConnection3 = DogDemo\\
		SccProjectUniqueName4 = FuelDataSysClient\\FuelDataSysClient.csproj
		SccLocalPath4 = .
		SccProjectFilePathRelativizedFromConnection4 = FuelDataSysClient\\
		SccProjectUniqueName5 = FuelDataSysServer\\FuelDataSysServer.csproj
		SccLocalPath5 = .
		SccProjectFilePathRelativizedFromConnection5 = FuelDataSysServer\\
	EndGlobalSection
	GlobalSection(SolutionConfigurationPlatforms) = preSolution
		Debug|Any CPU = Debug|Any CPU
		Debug|Mixed Platforms = Debug|Mixed Platforms
		Debug|x86 = Debug|x86
		Release|Any CPU = Release|Any CPU
		Release|Mixed Platforms = Release|Mixed Platforms
		Release|x86 = Release|x86
	EndGlobalSection
	GlobalSection(ProjectConfigurationPlatforms) = postSolution
		{B14A51BA-6011-42D4-96F4-6E0EA35F717A}.Debug|Any CPU.ActiveCfg = Debug|x86
		{B14A51BA-6011-42D4-96F4-6E0EA35F717A}.Debug|Mixed Platforms.ActiveCfg = Debug|x86
		{B14A51BA-6011-42D4-96F4-6E0EA35F717A}.Debug|Mixed Platforms.Build.0 = Debug|x86
		{B14A51BA-6011-42D4-96F4-6E0EA35F717A}.Debug|x86.ActiveCfg = Debug|x86
		{B14A51BA-6011-42D4-96F4-6E0EA35F717A}.Debug|x86.Build.0 = Debug|x86
		{B14A51BA-6011-42D4-96F4-6E0EA35F717A}.Release|Any CPU.ActiveCfg = Release|x86
		{B14A51BA-6011-42D4-96F4-6E0EA35F717A}.Release|Mixed Platforms.ActiveCfg = Release|x86
		{B14A51BA-6011-42D4-96F4-6E0EA35F717A}.Release|Mixed Platforms.Build.0 = Release|x86
		{B14A51BA-6011-42D4-96F4-6E0EA35F717A}.Release|x86.ActiveCfg = Release|x86
		{B14A51BA-6011-42D4-96F4-6E0EA35F717A}.Release|x86.Build.0 = Release|x86
		{982E39FC-A05C-4B01-A0AB-27C9B96E23F2}.Debug|Any CPU.ActiveCfg = Debug|Any CPU
		{982E39FC-A05C-4B01-A0AB-27C9B96E23F2}.Debug|Any CPU.Build.0 = Debug|Any CPU
		{982E39FC-A05C-4B01-A0AB-27C9B96E23F2}.Debug|Mixed Platforms.ActiveCfg = Debug|Any CPU
		{982E39FC-A05C-4B01-A0AB-27C9B96E23F2}.Debug|Mixed Platforms.Build.0 = Debug|Any CPU
		{982E39FC-A05C-4B01-A0AB-27C9B96E23F2}.Debug|x86.ActiveCfg = Debug|Any CPU
		{982E39FC-A05C-4B01-A0AB-27C9B96E23F2}.Release|Any CPU.ActiveCfg = Release|Any CPU
		{982E39FC-A05C-4B01-A0AB-27C9B96E23F2}.Release|Any CPU.Build.0 = Release|Any CPU
		{982E39FC-A05C-4B01-A0AB-27C9B96E23F2}.Release|Mixed Platforms.ActiveCfg = Release|Any CPU
		{982E39FC-A05C-4B01-A0AB-27C9B96E23F2}.Release|Mixed Platforms.Build.0 = Release|Any CPU
		{982E39FC-A05C-4B01-A0AB-27C9B96E23F2}.Release|x86.ActiveCfg = Release|Any CPU
		{FB32167E-65D2-4CBA-A3D5-8E607DF004E7}.Debug|Any CPU.ActiveCfg = Debug|Any CPU
		{FB32167E-65D2-4CBA-A3D5-8E607DF004E7}.Debug|Any CPU.Build.0 = Debug|Any CPU
		{FB32167E-65D2-4CBA-A3D5-8E607DF004E7}.Debug|Mixed Platforms.ActiveCfg = Debug|Any CPU
		{FB32167E-65D2-4CBA-A3D5-8E607DF004E7}.Debug|Mixed Platforms.Build.0 = Debug|Any CPU
		{FB32167E-65D2-4CBA-A3D5-8E607DF004E7}.Debug|x86.ActiveCfg = Debug|Any CPU
		{FB32167E-65D2-4CBA-A3D5-8E607DF004E7}.Release|Any CPU.ActiveCfg = Release|Any CPU
		{FB32167E-65D2-4CBA-A3D5-8E607DF004E7}.Release|Any CPU.Build.0 = Release|Any CPU
		{FB32167E-65D2-4CBA-A3D5-8E607DF004E7}.Release|Mixed Platforms.ActiveCfg = Release|Any CPU
		{FB32167E-65D2-4CBA-A3D5-8E607DF004E7}.Release|Mixed Platforms.Build.0 = Release|Any CPU
		{FB32167E-65D2-4CBA-A3D5-8E607DF004E7}.Release|x86.ActiveCfg = Release|Any CPU
		{4FF0B4D7-2CF5-48D2-83C8-5D7B0055A638}.Debug|Any CPU.ActiveCfg = Debug|Any CPU
		{4FF0B4D7-2CF5-48D2-83C8-5D7B0055A638}.Debug|Any CPU.Build.0 = Debug|Any CPU
		{4FF0B4D7-2CF5-48D2-83C8-5D7B0055A638}.Debug|Mixed Platforms.ActiveCfg = Debug|Any CPU
		{4FF0B4D7-2CF5-48D2-83C8-5D7B0055A638}.Debug|Mixed Platforms.Build.0 = Debug|Any CPU
		{4FF0B4D7-2CF5-48D2-83C8-5D7B0055A638}.Debug|x86.ActiveCfg = Debug|Any CPU
		{4FF0B4D7-2CF5-48D2-83C8-5D7B0055A638}.Release|Any CPU.ActiveCfg = Release|Any CPU
		{4FF0B4D7-2CF5-48D2-83C8-5D7B0055A638}.Release|Any CPU.Build.0 = Release|Any CPU
		{4FF0B4D7-2CF5-48D2-83C8-5D7B0055A638}.Release|Mixed Platforms.ActiveCfg = Release|Any CPU
		{4FF0B4D7-2CF5-48D2-83C8-5D7B0055A638}.Release|Mixed Platforms.Build.0 = Release|Any CPU
		{4FF0B4D7-2CF5-48D2-83C8-5D7B0055A638}.Release|x86.ActiveCfg = Release|Any CPU
		{3FBCB2A6-A9AA-4A84-962F-966227CCD096}.Debug|Any CPU.ActiveCfg = Debug|x86
		{3FBCB2A6-A9AA-4A84-962F-966227CCD096}.Debug|Mixed Platforms.ActiveCfg = Debug|x86
		{3FBCB2A6-A9AA-4A84-962F-966227CCD096}.Debug|Mixed Platforms.Build.0 = Debug|x86
		{3FBCB2A6-A9AA-4A84-962F-966227CCD096}.Debug|x86.ActiveCfg = Debug|x86
		{3FBCB2A6-A9AA-4A84-962F-966227CCD096}.Debug|x86.Build.0 = Debug|x86
		{3FBCB2A6-A9AA-4A84-962F-966227CCD096}.Release|Any CPU.ActiveCfg = Release|x86
		{3FBCB2A6-A9AA-4A84-962F-966227CCD096}.Release|Mixed Platforms.ActiveCfg = Release|x86
		{3FBCB2A6-A9AA-4A84-962F-966227CCD096}.Release|Mixed Platforms.Build.0 = Release|x86
		{3FBCB2A6-A9AA-4A84-962F-966227CCD096}.Release|x86.ActiveCfg = Release|x86
		{3FBCB2A6-A9AA-4A84-962F-966227CCD096}.Release|x86.Build.0 = Release|x86
	EndGlobalSection
	GlobalSection(SolutionProperties) = preSolution
		HideSolutionNode = FALSE
	EndGlobalSection
EndGlobal
